{
    "name": "html5-mandala",
    "version": "0.1.0",
    "lockfileVersion": 1,
    "requires": true,
    "dependencies": {
        "dat.gui": {
            "version": "0.7.7",
            "resolved": "https://registry.npmjs.org/dat.gui/-/dat.gui-0.7.7.tgz",
            "integrity": "sha512-sRl/28gF/XRC5ywC9I4zriATTsQcpSsRG7seXCPnTkK8/EQMIbCu5NPMpICLGxX9ZEUvcXR3ArLYCtgreFoMDw=="
        },
        "esbuild": {
            "version": "0.5.26",
            "resolved": "https://registry.npmjs.org/esbuild/-/esbuild-0.5.26.tgz",
            "integrity": "sha512-OopLmIbQNOWBWMBoOtHjDEaIiTI2okEpRkbiKccfatnXJtsGazwWhR0dmvY8ynjLx/BOPS9mQ6QFl7J1BQCcaQ==",
            "dev": true
        },
        "typescript": {
            "version": "3.9.6",
            "resolved": "https://registry.npmjs.org/typescript/-/typescript-3.9.6.tgz",
            "integrity": "sha512-Pspx3oKAPJtjNwE92YS05HQoY7z2SFyOpHo9MqJor3BXAGNaPUs83CuVp9VISFkSjyRfiTpmKuAYGJB7S7hOxw==",
            "dev": true
        }
    }
}
